
Microsoft Visual Studio Solution File, Format Version 12.00
# Visual Studio Version 17
VisualStudioVersion = 17.5.002.0
MinimumVisualStudioVersion = 10.0.40219.1
Project("{9A19103F-16F7-4668-BE54-9A1E7A4F7556}") = "day4part1", "day4part1.csproj", "{006464B4-FDFC-404D-A802-938992DD370B}"
EndProject
Global
	GlobalSection(SolutionConfigurationPlatforms) = preSolution
		Debug|Any CPU = Debug|Any CPU
		Release|Any CPU = Release|Any CPU
	EndGlobalSection
	GlobalSection(ProjectConfigurationPlatforms) = postSolution
		{006464B4-FDFC-404D-A802-938992DD370B}.Debug|Any CPU.ActiveCfg = Debug|Any CPU
		{006464B4-FDFC-404D-A802-938992DD370B}.Debug|Any CPU.Build.0 = Debug|Any CPU
		{006464B4-FDFC-404D-A802-938992DD370B}.Release|Any CPU.ActiveCfg = Release|Any CPU
		{006464B4-FDFC-404D-A802-938992DD370B}.Release|Any CPU.Build.0 = Release|Any CPU
	EndGlobalSection
	GlobalSection(SolutionProperties) = preSolution
		HideSolutionNode = FALSE
	EndGlobalSection
	GlobalSection(ExtensibilityGlobals) = postSolution
		SolutionGuid = {3258AF15-481D-4B97-81BB-83A68B055491}
	EndGlobalSection
EndGlobal
