
Microsoft Visual Studio Solution File, Format Version 12.00
# Visual Studio Version 17
VisualStudioVersion = 17.5.002.0
MinimumVisualStudioVersion = 10.0.40219.1
Project("{9A19103F-16F7-4668-BE54-9A1E7A4F7556}") = "day4part2", "day4part2.csproj", "{F7975554-EC96-456A-9412-8E72CDCABD64}"
EndProject
Global
	GlobalSection(SolutionConfigurationPlatforms) = preSolution
		Debug|Any CPU = Debug|Any CPU
		Release|Any CPU = Release|Any CPU
	EndGlobalSection
	GlobalSection(ProjectConfigurationPlatforms) = postSolution
		{F7975554-EC96-456A-9412-8E72CDCABD64}.Debug|Any CPU.ActiveCfg = Debug|Any CPU
		{F7975554-EC96-456A-9412-8E72CDCABD64}.Debug|Any CPU.Build.0 = Debug|Any CPU
		{F7975554-EC96-456A-9412-8E72CDCABD64}.Release|Any CPU.ActiveCfg = Release|Any CPU
		{F7975554-EC96-456A-9412-8E72CDCABD64}.Release|Any CPU.Build.0 = Release|Any CPU
	EndGlobalSection
	GlobalSection(SolutionProperties) = preSolution
		HideSolutionNode = FALSE
	EndGlobalSection
	GlobalSection(ExtensibilityGlobals) = postSolution
		SolutionGuid = {B1AA6176-6CB4-4F41-8713-3161B349A08E}
	EndGlobalSection
EndGlobal
